
Microsoft Visual Studio Solution File, Format Version 12.00
# Visual Studio Version 17
VisualStudioVersion = 17.2.32317.152
MinimumVisualStudioVersion = 10.0.40219.1
Project("{FAE04EC0-301F-11D3-BF4B-00C04F79EFBC}") = "GetTime", "GetTime\GetTime.csproj", "{CB117664-AE4C-43CF-A041-E392DD5C1F5D}"
EndProject
Global
	GlobalSection(SolutionConfigurationPlatforms) = preSolution
		Debug|ARM = Debug|ARM
		Debug|ARM64 = Debug|ARM64
		Debug|x64 = Debug|x64
		Debug|x86 = Debug|x86
		Release|ARM = Release|ARM
		Release|ARM64 = Release|ARM64
		Release|x64 = Release|x64
		Release|x86 = Release|x86
	EndGlobalSection
	GlobalSection(ProjectConfigurationPlatforms) = postSolution
		{CB117664-AE4C-43CF-A041-E392DD5C1F5D}.Debug|ARM.ActiveCfg = Debug|ARM
		{CB117664-AE4C-43CF-A041-E392DD5C1F5D}.Debug|ARM.Build.0 = Debug|ARM
		{CB117664-AE4C-43CF-A041-E392DD5C1F5D}.Debug|ARM.Deploy.0 = Debug|ARM
		{CB117664-AE4C-43CF-A041-E392DD5C1F5D}.Debug|ARM64.ActiveCfg = Debug|ARM64
		{CB117664-AE4C-43CF-A041-E392DD5C1F5D}.Debug|ARM64.Build.0 = Debug|ARM64
		{CB117664-AE4C-43CF-A041-E392DD5C1F5D}.Debug|ARM64.Deploy.0 = Debug|ARM64
		{CB117664-AE4C-43CF-A041-E392DD5C1F5D}.Debug|x64.ActiveCfg = Debug|x64
		{CB117664-AE4C-43CF-A041-E392DD5C1F5D}.Debug|x64.Build.0 = Debug|x64
		{CB117664-AE4C-43CF-A041-E392DD5C1F5D}.Debug|x64.Deploy.0 = Debug|x64
		{CB117664-AE4C-43CF-A041-E392DD5C1F5D}.Debug|x86.ActiveCfg = Debug|x86
		{CB117664-AE4C-43CF-A041-E392DD5C1F5D}.Debug|x86.Build.0 = Debug|x86
		{CB117664-AE4C-43CF-A041-E392DD5C1F5D}.Debug|x86.Deploy.0 = Debug|x86
		{CB117664-AE4C-43CF-A041-E392DD5C1F5D}.Release|ARM.ActiveCfg = Release|ARM
		{CB117664-AE4C-43CF-A041-E392DD5C1F5D}.Release|ARM.Build.0 = Release|ARM
		{CB117664-AE4C-43CF-A041-E392DD5C1F5D}.Release|ARM.Deploy.0 = Release|ARM
		{CB117664-AE4C-43CF-A041-E392DD5C1F5D}.Release|ARM64.ActiveCfg = Release|ARM64
		{CB117664-AE4C-43CF-A041-E392DD5C1F5D}.Release|ARM64.Build.0 = Release|ARM64
		{CB117664-AE4C-43CF-A041-E392DD5C1F5D}.Release|ARM64.Deploy.0 = Release|ARM64
		{CB117664-AE4C-43CF-A041-E392DD5C1F5D}.Release|x64.ActiveCfg = Release|x64
		{CB117664-AE4C-43CF-A041-E392DD5C1F5D}.Release|x64.Build.0 = Release|x64
		{CB117664-AE4C-43CF-A041-E392DD5C1F5D}.Release|x64.Deploy.0 = Release|x64
		{CB117664-AE4C-43CF-A041-E392DD5C1F5D}.Release|x86.ActiveCfg = Release|x86
		{CB117664-AE4C-43CF-A041-E392DD5C1F5D}.Release|x86.Build.0 = Release|x86
		{CB117664-AE4C-43CF-A041-E392DD5C1F5D}.Release|x86.Deploy.0 = Release|x86
	EndGlobalSection
	GlobalSection(SolutionProperties) = preSolution
		HideSolutionNode = FALSE
	EndGlobalSection
	GlobalSection(ExtensibilityGlobals) = postSolution
		SolutionGuid = {B8AB02C5-4418-4843-B9EE-301A9A44B076}
	EndGlobalSection
EndGlobal
