
Microsoft Visual Studio Solution File, Format Version 12.00
# Visual Studio Version 17
VisualStudioVersion = 17.2.32317.152
MinimumVisualStudioVersion = 10.0.40219.1
Project("{FAE04EC0-301F-11D3-BF4B-00C04F79EFBC}") = "YAPI", "YAPI\YAPI.csproj", "{4367B852-551E-4A55-B268-A19170A3489A}"
EndProject
Project("{9A19103F-16F7-4668-BE54-9A1E7A4F7556}") = "uiTest", "uiTest\uiTest.csproj", "{323D7844-7CC8-4228-A8FA-A4CB892CDE2D}"
EndProject
Global
	GlobalSection(SolutionConfigurationPlatforms) = preSolution
		Debug|Any CPU = Debug|Any CPU
		Release|Any CPU = Release|Any CPU
	EndGlobalSection
	GlobalSection(ProjectConfigurationPlatforms) = postSolution
		{4367B852-551E-4A55-B268-A19170A3489A}.Debug|Any CPU.ActiveCfg = Debug|Any CPU
		{4367B852-551E-4A55-B268-A19170A3489A}.Debug|Any CPU.Build.0 = Debug|Any CPU
		{4367B852-551E-4A55-B268-A19170A3489A}.Release|Any CPU.ActiveCfg = Release|Any CPU
		{4367B852-551E-4A55-B268-A19170A3489A}.Release|Any CPU.Build.0 = Release|Any CPU
		{323D7844-7CC8-4228-A8FA-A4CB892CDE2D}.Debug|Any CPU.ActiveCfg = Debug|Any CPU
		{323D7844-7CC8-4228-A8FA-A4CB892CDE2D}.Debug|Any CPU.Build.0 = Debug|Any CPU
		{323D7844-7CC8-4228-A8FA-A4CB892CDE2D}.Release|Any CPU.ActiveCfg = Release|Any CPU
		{323D7844-7CC8-4228-A8FA-A4CB892CDE2D}.Release|Any CPU.Build.0 = Release|Any CPU
	EndGlobalSection
	GlobalSection(SolutionProperties) = preSolution
		HideSolutionNode = FALSE
	EndGlobalSection
	GlobalSection(ExtensibilityGlobals) = postSolution
		SolutionGuid = {7086454E-215A-4DB0-B3D6-A35DD780C0EB}
	EndGlobalSection
EndGlobal
